
Microsoft Visual Studio Solution File, Format Version 12.00
# Visual Studio 2013
VisualStudioVersion = 12.0.30516.0
MinimumVisualStudioVersion = 10.0.40219.1
Project("{FAE04EC0-301F-11D3-BF4B-00C04F79EFBC}") = "Contact.Web", "Contact.Web\Contact.Web.csproj", "{A51692FF-91EF-4A96-AF57-A37168F6834A}"
EndProject
Project("{FAE04EC0-301F-11D3-BF4B-00C04F79EFBC}") = "Contact.Core", "Contact.Core\Contact.Core.csproj", "{4E4B5C02-3523-40E4-A0BF-BEF1E83DBC5B}"
EndProject
Global
	GlobalSection(SolutionConfigurationPlatforms) = preSolution
		Debug|Any CPU = Debug|Any CPU
		Release|Any CPU = Release|Any CPU
	EndGlobalSection
	GlobalSection(ProjectConfigurationPlatforms) = postSolution
		{A51692FF-91EF-4A96-AF57-A37168F6834A}.Debug|Any CPU.ActiveCfg = Debug|Any CPU
		{A51692FF-91EF-4A96-AF57-A37168F6834A}.Debug|Any CPU.Build.0 = Debug|Any CPU
		{A51692FF-91EF-4A96-AF57-A37168F6834A}.Release|Any CPU.ActiveCfg = Release|Any CPU
		{A51692FF-91EF-4A96-AF57-A37168F6834A}.Release|Any CPU.Build.0 = Release|Any CPU
		{4E4B5C02-3523-40E4-A0BF-BEF1E83DBC5B}.Debug|Any CPU.ActiveCfg = Debug|Any CPU
		{4E4B5C02-3523-40E4-A0BF-BEF1E83DBC5B}.Debug|Any CPU.Build.0 = Debug|Any CPU
		{4E4B5C02-3523-40E4-A0BF-BEF1E83DBC5B}.Release|Any CPU.ActiveCfg = Release|Any CPU
		{4E4B5C02-3523-40E4-A0BF-BEF1E83DBC5B}.Release|Any CPU.Build.0 = Release|Any CPU
	EndGlobalSection
	GlobalSection(SolutionProperties) = preSolution
		HideSolutionNode = FALSE
	EndGlobalSection
EndGlobal
